
Microsoft Visual Studio Solution File, Format Version 12.00
# Visual Studio Version 17
VisualStudioVersion = 17.7.34221.43
MinimumVisualStudioVersion = 10.0.40219.1
Project("{FAE04EC0-301F-11D3-BF4B-00C04F79EFBC}") = "Lab2-Threadss", "Lab2-Threadss\Lab2-Threadss.csproj", "{3CE1BDEC-DEBE-4D54-9E44-FDBE088B7EA3}"
EndProject
Global
	GlobalSection(SolutionConfigurationPlatforms) = preSolution
		Debug|Any CPU = Debug|Any CPU
		Release|Any CPU = Release|Any CPU
	EndGlobalSection
	GlobalSection(ProjectConfigurationPlatforms) = postSolution
		{3CE1BDEC-DEBE-4D54-9E44-FDBE088B7EA3}.Debug|Any CPU.ActiveCfg = Debug|Any CPU
		{3CE1BDEC-DEBE-4D54-9E44-FDBE088B7EA3}.Debug|Any CPU.Build.0 = Debug|Any CPU
		{3CE1BDEC-DEBE-4D54-9E44-FDBE088B7EA3}.Release|Any CPU.ActiveCfg = Release|Any CPU
		{3CE1BDEC-DEBE-4D54-9E44-FDBE088B7EA3}.Release|Any CPU.Build.0 = Release|Any CPU
	EndGlobalSection
	GlobalSection(SolutionProperties) = preSolution
		HideSolutionNode = FALSE
	EndGlobalSection
	GlobalSection(ExtensibilityGlobals) = postSolution
		SolutionGuid = {E64FFC1D-D14C-41FE-B68C-2B0E30445912}
	EndGlobalSection
EndGlobal
